schema: '2.0'
stages:
  preprocess:
    cmd: python src/preprocess.py
    deps:
    - path: data/raw/
      hash: md5
      md5: 85ef9c2354055a67cf65603900ba6289.dir
      size: 14824
      nfiles: 2
    - path: src/preprocess.py
      hash: md5
      md5: de062b26a7a8bd501edb3338b342cff6
      size: 544
    outs:
    - path: data/processed/data.csv
      hash: md5
      md5: 9a696bf7e7f8faa32b086f4d79378522
      size: 18561
  train:
    cmd: python src/train.py
    deps:
    - path: data/processed/data.csv
      hash: md5
      md5: 9a696bf7e7f8faa32b086f4d79378522
      size: 18561
    - path: src/train.py
      hash: md5
      md5: 2fac93b655ceadef806f86af1b0733f5
      size: 552
    outs:
    - path: metrics.json
      hash: md5
      md5: 3cffc29f884ab9e89f3e5862ead8c8e3
      size: 34
    - path: model.pkl
      hash: md5
      md5: 81165d11ad99ac16bda4197bb5aeaf29
      size: 371041
  collect:
    cmd: python src/collect.py
    outs:
    - path: data/raw/
      hash: md5
      md5: 85ef9c2354055a67cf65603900ba6289.dir
      size: 14824
      nfiles: 2
