schema: '2.0'
stages:
  preprocess:
    cmd: python src/preprocess.py
    deps:
    - path: data/raw/
      hash: md5
      md5: 6639a21aae7ad4411c05b4c229e787de.dir
      size: 14824
      nfiles: 2
    - path: src/preprocess.py
      hash: md5
      md5: de062b26a7a8bd501edb3338b342cff6
      size: 544
    outs:
    - path: data/processed/data.csv
      hash: md5
      md5: 7d42b4dd6408738be4e73295a2152bb2
      size: 18561
  train:
    cmd: python src/train.py
    deps:
    - path: data/processed/data.csv
      hash: md5
      md5: 7d42b4dd6408738be4e73295a2152bb2
      size: 18561
    - path: src/train.py
      hash: md5
      md5: 2fac93b655ceadef806f86af1b0733f5
      size: 552
    outs:
    - path: metrics.json
      hash: md5
      md5: 949e6277fa4788046bc44fa8f977e8bc
      size: 34
    - path: model.pkl
      hash: md5
      md5: 439f65191c99977504831a03d5d3f1fd
      size: 371041
  collect:
    cmd: python src/collect.py
    outs:
    - path: data/raw/
      hash: md5
      md5: 6639a21aae7ad4411c05b4c229e787de.dir
      size: 14824
      nfiles: 2
