schema: '2.0'
stages:
  preprocess:
    cmd: python src/preprocess.py
    deps:
    - path: data/raw/
      hash: md5
      md5: c4fa9c4fe44d16e00fb1081043865610.dir
      size: 14824
      nfiles: 2
    - path: src/preprocess.py
      hash: md5
      md5: de062b26a7a8bd501edb3338b342cff6
      size: 544
    outs:
    - path: data/processed/data.csv
      hash: md5
      md5: e4d27ce2168d502e5e4c6f29d939aca0
      size: 18561
  train:
    cmd: python src/train.py
    deps:
    - path: data/processed/data.csv
      hash: md5
      md5: e4d27ce2168d502e5e4c6f29d939aca0
      size: 18561
    - path: src/train.py
      hash: md5
      md5: 2fac93b655ceadef806f86af1b0733f5
      size: 552
    outs:
    - path: metrics.json
      hash: md5
      md5: b1699cde477641095fa4ee17810e0a4b
      size: 34
    - path: model.pkl
      hash: md5
      md5: ba74e1834b4bb97d5cca11ec7299ed00
      size: 371185
  collect:
    cmd: python src/collect.py
    outs:
    - path: data/raw/
      hash: md5
      md5: c4fa9c4fe44d16e00fb1081043865610.dir
      size: 14824
      nfiles: 2
